
Microsoft Visual Studio Solution File, Format Version 12.00
# Visual Studio Version 16
VisualStudioVersion = 16.0.30804.86
MinimumVisualStudioVersion = 10.0.40219.1
Project("{FAE04EC0-301F-11D3-BF4B-00C04F79EFBC}") = "BookAPI", "BookAPI\BookAPI.csproj", "{7F8D74D5-010D-4644-8A17-D1E9BDB7AE5B}"
EndProject
Global
	GlobalSection(SolutionConfigurationPlatforms) = preSolution
		Debug|Any CPU = Debug|Any CPU
		Release|Any CPU = Release|Any CPU
	EndGlobalSection
	GlobalSection(ProjectConfigurationPlatforms) = postSolution
		{7F8D74D5-010D-4644-8A17-D1E9BDB7AE5B}.Debug|Any CPU.ActiveCfg = Debug|Any CPU
		{7F8D74D5-010D-4644-8A17-D1E9BDB7AE5B}.Debug|Any CPU.Build.0 = Debug|Any CPU
		{7F8D74D5-010D-4644-8A17-D1E9BDB7AE5B}.Release|Any CPU.ActiveCfg = Release|Any CPU
		{7F8D74D5-010D-4644-8A17-D1E9BDB7AE5B}.Release|Any CPU.Build.0 = Release|Any CPU
	EndGlobalSection
	GlobalSection(SolutionProperties) = preSolution
		HideSolutionNode = FALSE
	EndGlobalSection
	GlobalSection(ExtensibilityGlobals) = postSolution
		SolutionGuid = {A26114EB-EF42-43F7-AEC8-3DBA3F96F463}
	EndGlobalSection
EndGlobal
